
Microsoft Visual Studio Solution File, Format Version 12.00
# Visual Studio Version 16
VisualStudioVersion = 16.0.30611.23
MinimumVisualStudioVersion = 10.0.40219.1
Project("{9A19103F-16F7-4668-BE54-9A1E7A4F7556}") = "WebApi", "WebApi\WebApi.csproj", "{16F03DCA-35AA-4E31-AFD8-A3C7B41E5DB1}"
EndProject
Project("{FAE04EC0-301F-11D3-BF4B-00C04F79EFBC}") = "Core", "Core\Core.csproj", "{783FB9CB-9708-4544-9D7B-FDDEC78838E9}"
EndProject
Global
	GlobalSection(SolutionConfigurationPlatforms) = preSolution
		Debug|Any CPU = Debug|Any CPU
		Release|Any CPU = Release|Any CPU
	EndGlobalSection
	GlobalSection(ProjectConfigurationPlatforms) = postSolution
		{16F03DCA-35AA-4E31-AFD8-A3C7B41E5DB1}.Debug|Any CPU.ActiveCfg = Debug|Any CPU
		{16F03DCA-35AA-4E31-AFD8-A3C7B41E5DB1}.Debug|Any CPU.Build.0 = Debug|Any CPU
		{16F03DCA-35AA-4E31-AFD8-A3C7B41E5DB1}.Release|Any CPU.ActiveCfg = Release|Any CPU
		{16F03DCA-35AA-4E31-AFD8-A3C7B41E5DB1}.Release|Any CPU.Build.0 = Release|Any CPU
		{783FB9CB-9708-4544-9D7B-FDDEC78838E9}.Debug|Any CPU.ActiveCfg = Debug|Any CPU
		{783FB9CB-9708-4544-9D7B-FDDEC78838E9}.Debug|Any CPU.Build.0 = Debug|Any CPU
		{783FB9CB-9708-4544-9D7B-FDDEC78838E9}.Release|Any CPU.ActiveCfg = Release|Any CPU
		{783FB9CB-9708-4544-9D7B-FDDEC78838E9}.Release|Any CPU.Build.0 = Release|Any CPU
	EndGlobalSection
	GlobalSection(SolutionProperties) = preSolution
		HideSolutionNode = FALSE
	EndGlobalSection
	GlobalSection(ExtensibilityGlobals) = postSolution
		SolutionGuid = {207030FE-3ACB-420C-BC55-4F3E8FA39C54}
	EndGlobalSection
EndGlobal
